# This file is automatically @generated by Cargo.
# It is not intended for manual editing.
version = 4

[[package]]
name = "gsr-audio"
version = "0.1.0"

[[package]]
name = "gsr-capture"
version = "0.1.0"

[[package]]
name = "gsr-core"
version = "0.1.0"

[[package]]
name = "gsr-encode"
version = "0.1.0"

[[package]]
name = "gsr-i18n"
version = "0.1.0"

[[package]]
name = "gsr-kms-server"
version = "0.1.0"

[[package]]
name = "gsr-plugin"
version = "0.1.0"
